
Microsoft Visual Studio Solution File, Format Version 12.00
# Visual Studio 15
VisualStudioVersion = 15.0.36617.4
MinimumVisualStudioVersion = 10.0.40219.1
Project("{F184B08F-C81C-45F6-A57F-5ABD9991F28F}") = "Practica 3", "Practica 3\Practica 3.vbproj", "{2D33782B-CD3D-4906-A1A0-6BC7E1BA8FEE}"
EndProject
Global
	GlobalSection(SolutionConfigurationPlatforms) = preSolution
		Debug|Any CPU = Debug|Any CPU
		Release|Any CPU = Release|Any CPU
	EndGlobalSection
	GlobalSection(ProjectConfigurationPlatforms) = postSolution
		{2D33782B-CD3D-4906-A1A0-6BC7E1BA8FEE}.Debug|Any CPU.ActiveCfg = Debug|Any CPU
		{2D33782B-CD3D-4906-A1A0-6BC7E1BA8FEE}.Debug|Any CPU.Build.0 = Debug|Any CPU
		{2D33782B-CD3D-4906-A1A0-6BC7E1BA8FEE}.Release|Any CPU.ActiveCfg = Release|Any CPU
		{2D33782B-CD3D-4906-A1A0-6BC7E1BA8FEE}.Release|Any CPU.Build.0 = Release|Any CPU
	EndGlobalSection
	GlobalSection(SolutionProperties) = preSolution
		HideSolutionNode = FALSE
	EndGlobalSection
	GlobalSection(ExtensibilityGlobals) = postSolution
		SolutionGuid = {A8AB15A9-4124-4BE9-BB6B-C463C7C940C7}
	EndGlobalSection
EndGlobal
